// !$*UTF8*$!
{
	archiveVersion = 1;
	classes = {
	};
	objectVersion = 46;
	objects = {

/* Begin PBXBuildFile section */
		BB23ABD61CF689C5002CC4E0 /* MainViewController.swift in Sources */ = {isa = PBXBuildFile; fileRef = BB23ABD51CF689C5002CC4E0 /* MainViewController.swift */; };
		BB23ABD81CF68A30002CC4E0 /* StatisticsViewController.swift in Sources */ = {isa = PBXBuildFile; fileRef = BB23ABD71CF68A30002CC4E0 /* StatisticsViewController.swift */; };
		BBA23D1A1CFD88BE00F687F8 /* eg1.png in Resources */ = {isa = PBXBuildFile; fileRef = BBA23D171CFD88BE00F687F8 /* eg1.png */; };
		BBA23D1B1CFD88BE00F687F8 /* eg2.png in Resources */ = {isa = PBXBuildFile; fileRef = BBA23D181CFD88BE00F687F8 /* eg2.png */; };
		BBA23D1C1CFD88BE00F687F8 /* eg3.png in Resources */ = {isa = PBXBuildFile; fileRef = BBA23D191CFD88BE00F687F8 /* eg3.png */; };
		BBA23D1E1CFD8C8800F687F8 /* clearImg.png in Resources */ = {isa = PBXBuildFile; fileRef = BBA23D1D1CFD8C8800F687F8 /* clearImg.png */; };
		BBA95E191CFAECE600D3A21F /* UIImage.swift in Sources */ = {isa = PBXBuildFile; fileRef = BBA95E181CFAECE600D3A21F /* UIImage.swift */; };
		BBA95E1C1CFB01A300D3A21F /* Puzzle+CoreDataProperties.swift in Sources */ = {isa = PBXBuildFile; fileRef = BBA95E1A1CFB01A300D3A21F /* Puzzle+CoreDataProperties.swift */; };
		BBA95E1D1CFB01A300D3A21F /* Puzzle.swift in Sources */ = {isa = PBXBuildFile; fileRef = BBA95E1B1CFB01A300D3A21F /* Puzzle.swift */; };
		BBC49A541CF1F2120075BE71 /* AppDelegate.swift in Sources */ = {isa = PBXBuildFile; fileRef = BBC49A531CF1F2120075BE71 /* AppDelegate.swift */; };
		BBC49A561CF1F2120075BE71 /* SettingsViewController.swift in Sources */ = {isa = PBXBuildFile; fileRef = BBC49A551CF1F2120075BE71 /* SettingsViewController.swift */; };
		BBC49A591CF1F2120075BE71 /* Main.storyboard in Resources */ = {isa = PBXBuildFile; fileRef = BBC49A571CF1F2120075BE71 /* Main.storyboard */; };
		BBC49A5C1CF1F2120075BE71 /* MyFirstBlockPuzzle.xcdatamodeld in Sources */ = {isa = PBXBuildFile; fileRef = BBC49A5A1CF1F2120075BE71 /* MyFirstBlockPuzzle.xcdatamodeld */; };
		BBC49A5E1CF1F2120075BE71 /* Assets.xcassets in Resources */ = {isa = PBXBuildFile; fileRef = BBC49A5D1CF1F2120075BE71 /* Assets.xcassets */; };
		BBC49A611CF1F2120075BE71 /* LaunchScreen.storyboard in Resources */ = {isa = PBXBuildFile; fileRef = BBC49A5F1CF1F2120075BE71 /* LaunchScreen.storyboard */; };
		BBC49A6C1CF1F2120075BE71 /* MyFirstBlockPuzzleTests.swift in Sources */ = {isa = PBXBuildFile; fileRef = BBC49A6B1CF1F2120075BE71 /* MyFirstBlockPuzzleTests.swift */; };
		BBC49A771CF1F2120075BE71 /* MyFirstBlockPuzzleUITests.swift in Sources */ = {isa = PBXBuildFile; fileRef = BBC49A761CF1F2120075BE71 /* MyFirstBlockPuzzleUITests.swift */; };
		BBEC41D01CF814A300CFB443 /* patterns1.png in Resources */ = {isa = PBXBuildFile; fileRef = BBEC41BF1CF814A300CFB443 /* patterns1.png */; };
		BBEC41D11CF814A300CFB443 /* patterns2.png in Resources */ = {isa = PBXBuildFile; fileRef = BBEC41C01CF814A300CFB443 /* patterns2.png */; };
		BBEC41D21CF814A300CFB443 /* patterns3.png in Resources */ = {isa = PBXBuildFile; fileRef = BBEC41C11CF814A300CFB443 /* patterns3.png */; };
		BBEC41D31CF814A300CFB443 /* patterns4.png in Resources */ = {isa = PBXBuildFile; fileRef = BBEC41C21CF814A300CFB443 /* patterns4.png */; };
		BBEC41D41CF814A300CFB443 /* patterns5.png in Resources */ = {isa = PBXBuildFile; fileRef = BBEC41C31CF814A300CFB443 /* patterns5.png */; };
		BBEC41D51CF814A300CFB443 /* patterns6.png in Resources */ = {isa = PBXBuildFile; fileRef = BBEC41C41CF814A300CFB443 /* patterns6.png */; };
		BBEC41D61CF814A300CFB443 /* pipe1.png in Resources */ = {isa = PBXBuildFile; fileRef = BBEC41C51CF814A300CFB443 /* pipe1.png */; };
		BBEC41D71CF814A300CFB443 /* pipe2.png in Resources */ = {isa = PBXBuildFile; fileRef = BBEC41C61CF814A300CFB443 /* pipe2.png */; };
		BBEC41D81CF814A300CFB443 /* pipe3.png in Resources */ = {isa = PBXBuildFile; fileRef = BBEC41C71CF814A300CFB443 /* pipe3.png */; };
		BBEC41D91CF814A300CFB443 /* pipe4.png in Resources */ = {isa = PBXBuildFile; fileRef = BBEC41C81CF814A300CFB443 /* pipe4.png */; };
		BBEC41DA1CF814A300CFB443 /* pipe5.png in Resources */ = {isa = PBXBuildFile; fileRef = BBEC41C91CF814A300CFB443 /* pipe5.png */; };
		BBEC41DB1CF814A300CFB443 /* pipe6.png in Resources */ = {isa = PBXBuildFile; fileRef = BBEC41CA1CF814A300CFB443 /* pipe6.png */; };
		BBEC41DC1CF814A300CFB443 /* shape1.png in Resources */ = {isa = PBXBuildFile; fileRef = BBEC41CB1CF814A300CFB443 /* shape1.png */; };
		BBEC41DD1CF814A300CFB443 /* shape2.png in Resources */ = {isa = PBXBuildFile; fileRef = BBEC41CC1CF814A300CFB443 /* shape2.png */; };
		BBEC41DE1CF814A300CFB443 /* shape3.png in Resources */ = {isa = PBXBuildFile; fileRef = BBEC41CD1CF814A300CFB443 /* shape3.png */; };
		BBEC41DF1CF814A300CFB443 /* shape4.png in Resources */ = {isa = PBXBuildFile; fileRef = BBEC41CE1CF814A300CFB443 /* shape4.png */; };
		BBEC41E01CF814A300CFB443 /* shape5.png in Resources */ = {isa = PBXBuildFile; fileRef = BBEC41CF1CF814A300CFB443 /* shape5.png */; };
/* End PBXBuildFile section */

/* Begin PBXContainerItemProxy section */
		BBC49A681CF1F2120075BE71 /* PBXContainerItemProxy */ = {
			isa = PBXContainerItemProxy;
			containerPortal = BBC49A481CF1F2120075BE71 /* Project object */;
			proxyType = 1;
			remoteGlobalIDString = BBC49A4F1CF1F2120075BE71;
			remoteInfo = MyFirstBlockPuzzle;
		};
		BBC49A731CF1F2120075BE71 /* PBXContainerItemProxy */ = {
			isa = PBXContainerItemProxy;
			containerPortal = BBC49A481CF1F2120075BE71 /* Project object */;
			proxyType = 1;
			remoteGlobalIDString = BBC49A4F1CF1F2120075BE71;
			remoteInfo = MyFirstBlockPuzzle;
		};
/* End PBXContainerItemProxy section */

/* Begin PBXFileReference section */
		BB23ABD51CF689C5002CC4E0 /* MainViewController.swift */ = {isa = PBXFileReference; fileEncoding = 4; lastKnownFileType = sourcecode.swift; path = MainViewController.swift; sourceTree = "<group>"; };
		BB23ABD71CF68A30002CC4E0 /* StatisticsViewController.swift */ = {isa = PBXFileReference; fileEncoding = 4; lastKnownFileType = sourcecode.swift; path = StatisticsViewController.swift; sourceTree = "<group>"; };
		BBA23D171CFD88BE00F687F8 /* eg1.png */ = {isa = PBXFileReference; lastKnownFileType = image.png; name = eg1.png; path = ../../app/src/main/res/drawable/eg1.png; sourceTree = "<group>"; };
		BBA23D181CFD88BE00F687F8 /* eg2.png */ = {isa = PBXFileReference; lastKnownFileType = image.png; name = eg2.png; path = ../../app/src/main/res/drawable/eg2.png; sourceTree = "<group>"; };
		BBA23D191CFD88BE00F687F8 /* eg3.png */ = {isa = PBXFileReference; lastKnownFileType = image.png; name = eg3.png; path = ../../app/src/main/res/drawable/eg3.png; sourceTree = "<group>"; };
		BBA23D1D1CFD8C8800F687F8 /* clearImg.png */ = {isa = PBXFileReference; lastKnownFileType = image.png; name = clearImg.png; path = ../../app/src/main/res/drawable/clearImg.png; sourceTree = "<group>"; };
		BBA95E181CFAECE600D3A21F /* UIImage.swift */ = {isa = PBXFileReference; fileEncoding = 4; lastKnownFileType = sourcecode.swift; path = UIImage.swift; sourceTree = "<group>"; };
		BBA95E1A1CFB01A300D3A21F /* Puzzle+CoreDataProperties.swift */ = {isa = PBXFileReference; fileEncoding = 4; lastKnownFileType = sourcecode.swift; path = "Puzzle+CoreDataProperties.swift"; sourceTree = "<group>"; };
		BBA95E1B1CFB01A300D3A21F /* Puzzle.swift */ = {isa = PBXFileReference; fileEncoding = 4; lastKnownFileType = sourcecode.swift; path = Puzzle.swift; sourceTree = "<group>"; };
		BBC49A501CF1F2120075BE71 /* MyFirstBlockPuzzle.app */ = {isa = PBXFileReference; explicitFileType = wrapper.application; includeInIndex = 0; path = MyFirstBlockPuzzle.app; sourceTree = BUILT_PRODUCTS_DIR; };
		BBC49A531CF1F2120075BE71 /* AppDelegate.swift */ = {isa = PBXFileReference; lastKnownFileType = sourcecode.swift; path = AppDelegate.swift; sourceTree = "<group>"; };
		BBC49A551CF1F2120075BE71 /* SettingsViewController.swift */ = {isa = PBXFileReference; lastKnownFileType = sourcecode.swift; path = SettingsViewController.swift; sourceTree = "<group>"; };
		BBC49A581CF1F2120075BE71 /* Base */ = {isa = PBXFileReference; lastKnownFileType = file.storyboard; name = Base; path = Base.lproj/Main.storyboard; sourceTree = "<group>"; };
		BBC49A5B1CF1F2120075BE71 /* MyFirstBlockPuzzle.xcdatamodel */ = {isa = PBXFileReference; lastKnownFileType = wrapper.xcdatamodel; path = MyFirstBlockPuzzle.xcdatamodel; sourceTree = "<group>"; };
		BBC49A5D1CF1F2120075BE71 /* Assets.xcassets */ = {isa = PBXFileReference; lastKnownFileType = folder.assetcatalog; path = Assets.xcassets; sourceTree = "<group>"; };
		BBC49A601CF1F2120075BE71 /* Base */ = {isa = PBXFileReference; lastKnownFileType = file.storyboard; name = Base; path = Base.lproj/LaunchScreen.storyboard; sourceTree = "<group>"; };
		BBC49A621CF1F2120075BE71 /* Info.plist */ = {isa = PBXFileReference; lastKnownFileType = text.plist.xml; path = Info.plist; sourceTree = "<group>"; };
		BBC49A671CF1F2120075BE71 /* MyFirstBlockPuzzleTests.xctest */ = {isa = PBXFileReference; explicitFileType = wrapper.cfbundle; includeInIndex = 0; path = MyFirstBlockPuzzleTests.xctest; sourceTree = BUILT_PRODUCTS_DIR; };
		BBC49A6B1CF1F2120075BE71 /* MyFirstBlockPuzzleTests.swift */ = {isa = PBXFileReference; lastKnownFileType = sourcecode.swift; path = MyFirstBlockPuzzleTests.swift; sourceTree = "<group>"; };
		BBC49A6D1CF1F2120075BE71 /* Info.plist */ = {isa = PBXFileReference; lastKnownFileType = text.plist.xml; path = Info.plist; sourceTree = "<group>"; };
		BBC49A721CF1F2120075BE71 /* MyFirstBlockPuzzleUITests.xctest */ = {isa = PBXFileReference; explicitFileType = wrapper.cfbundle; includeInIndex = 0; path = MyFirstBlockPuzzleUITests.xctest; sourceTree = BUILT_PRODUCTS_DIR; };
		BBC49A761CF1F2120075BE71 /* MyFirstBlockPuzzleUITests.swift */ = {isa = PBXFileReference; lastKnownFileType = sourcecode.swift; path = MyFirstBlockPuzzleUITests.swift; sourceTree = "<group>"; };
		BBC49A781CF1F2120075BE71 /* Info.plist */ = {isa = PBXFileReference; lastKnownFileType = text.plist.xml; path = Info.plist; sourceTree = "<group>"; };
		BBEC41BF1CF814A300CFB443 /* patterns1.png */ = {isa = PBXFileReference; lastKnownFileType = image.png; name = patterns1.png; path = ../../app/src/main/res/drawable/patterns1.png; sourceTree = "<group>"; };
		BBEC41C01CF814A300CFB443 /* patterns2.png */ = {isa = PBXFileReference; lastKnownFileType = image.png; name = patterns2.png; path = ../../app/src/main/res/drawable/patterns2.png; sourceTree = "<group>"; };
		BBEC41C11CF814A300CFB443 /* patterns3.png */ = {isa = PBXFileReference; lastKnownFileType = image.png; name = patterns3.png; path = ../../app/src/main/res/drawable/patterns3.png; sourceTree = "<group>"; };
		BBEC41C21CF814A300CFB443 /* patterns4.png */ = {isa = PBXFileReference; lastKnownFileType = image.png; name = patterns4.png; path = ../../app/src/main/res/drawable/patterns4.png; sourceTree = "<group>"; };
		BBEC41C31CF814A300CFB443 /* patterns5.png */ = {isa = PBXFileReference; lastKnownFileType = image.png; name = patterns5.png; path = ../../app/src/main/res/drawable/patterns5.png; sourceTree = "<group>"; };
		BBEC41C41CF814A300CFB443 /* patterns6.png */ = {isa = PBXFileReference; lastKnownFileType = image.png; name = patterns6.png; path = ../../app/src/main/res/drawable/patterns6.png; sourceTree = "<group>"; };
		BBEC41C51CF814A300CFB443 /* pipe1.png */ = {isa = PBXFileReference; lastKnownFileType = image.png; name = pipe1.png; path = ../../app/src/main/res/drawable/pipe1.png; sourceTree = "<group>"; };
		BBEC41C61CF814A300CFB443 /* pipe2.png */ = {isa = PBXFileReference; lastKnownFileType = image.png; name = pipe2.png; path = ../../app/src/main/res/drawable/pipe2.png; sourceTree = "<group>"; };
		BBEC41C71CF814A300CFB443 /* pipe3.png */ = {isa = PBXFileReference; lastKnownFileType = image.png; name = pipe3.png; path = ../../app/src/main/res/drawable/pipe3.png; sourceTree = "<group>"; };
		BBEC41C81CF814A300CFB443 /* pipe4.png */ = {isa = PBXFileReference; lastKnownFileType = image.png; name = pipe4.png; path = ../../app/src/main/res/drawable/pipe4.png; sourceTree = "<group>"; };
		BBEC41C91CF814A300CFB443 /* pipe5.png */ = {isa = PBXFileReference; lastKnownFileType = image.png; name = pipe5.png; path = ../../app/src/main/res/drawable/pipe5.png; sourceTree = "<group>"; };
		BBEC41CA1CF814A300CFB443 /* pipe6.png */ = {isa = PBXFileReference; lastKnownFileType = image.png; name = pipe6.png; path = ../../app/src/main/res/drawable/pipe6.png; sourceTree = "<group>"; };
		BBEC41CB1CF814A300CFB443 /* shape1.png */ = {isa = PBXFileReference; lastKnownFileType = image.png; name = shape1.png; path = ../../app/src/main/res/drawable/shape1.png; sourceTree = "<group>"; };
		BBEC41CC1CF814A300CFB443 /* shape2.png */ = {isa = PBXFileReference; lastKnownFileType = image.png; name = shape2.png; path = ../../app/src/main/res/drawable/shape2.png; sourceTree = "<group>"; };
		BBEC41CD1CF814A300CFB443 /* shape3.png */ = {isa = PBXFileReference; lastKnownFileType = image.png; name = shape3.png; path = ../../app/src/main/res/drawable/shape3.png; sourceTree = "<group>"; };
		BBEC41CE1CF814A300CFB443 /* shape4.png */ = {isa = PBXFileReference; lastKnownFileType = image.png; name = shape4.png; path = ../../app/src/main/res/drawable/shape4.png; sourceTree = "<group>"; };
		BBEC41CF1CF814A300CFB443 /* shape5.png */ = {isa = PBXFileReference; lastKnownFileType = image.png; name = shape5.png; path = ../../app/src/main/res/drawable/shape5.png; sourceTree = "<group>"; };
/* End PBXFileReference section */

/* Begin PBXFrameworksBuildPhase section */
		BBC49A4D1CF1F2120075BE71 /* Frameworks */ = {
			isa = PBXFrameworksBuildPhase;
			buildActionMask = 2147483647;
			files = (
			);
			runOnlyForDeploymentPostprocessing = 0;
		};
		BBC49A641CF1F2120075BE71 /* Frameworks */ = {
			isa = PBXFrameworksBuildPhase;
			buildActionMask = 2147483647;
			files = (
			);
			runOnlyForDeploymentPostprocessing = 0;
		};
		BBC49A6F1CF1F2120075BE71 /* Frameworks */ = {
			isa = PBXFrameworksBuildPhase;
			buildActionMask = 2147483647;
			files = (
			);
			runOnlyForDeploymentPostprocessing = 0;
		};
/* End PBXFrameworksBuildPhase section */

/* Begin PBXGroup section */
		BBC49A471CF1F2120075BE71 = {
			isa = PBXGroup;
			children = (
				BBC49A521CF1F2120075BE71 /* MyFirstBlockPuzzle */,
				BBC49A6A1CF1F2120075BE71 /* MyFirstBlockPuzzleTests */,
				BBC49A751CF1F2120075BE71 /* MyFirstBlockPuzzleUITests */,
				BBC49A511CF1F2120075BE71 /* Products */,
			);
			sourceTree = "<group>";
		};
		BBC49A511CF1F2120075BE71 /* Products */ = {
			isa = PBXGroup;
			children = (
				BBC49A501CF1F2120075BE71 /* MyFirstBlockPuzzle.app */,
				BBC49A671CF1F2120075BE71 /* MyFirstBlockPuzzleTests.xctest */,
				BBC49A721CF1F2120075BE71 /* MyFirstBlockPuzzleUITests.xctest */,
			);
			name = Products;
			sourceTree = "<group>";
		};
		BBC49A521CF1F2120075BE71 /* MyFirstBlockPuzzle */ = {
			isa = PBXGroup;
			children = (
				BBEC41BF1CF814A300CFB443 /* patterns1.png */,
				BBEC41C01CF814A300CFB443 /* patterns2.png */,
				BBEC41C11CF814A300CFB443 /* patterns3.png */,
				BBEC41C21CF814A300CFB443 /* patterns4.png */,
				BBEC41C31CF814A300CFB443 /* patterns5.png */,
				BBEC41C41CF814A300CFB443 /* patterns6.png */,
				BBEC41C51CF814A300CFB443 /* pipe1.png */,
				BBEC41C61CF814A300CFB443 /* pipe2.png */,
				BBEC41C71CF814A300CFB443 /* pipe3.png */,
				BBEC41C81CF814A300CFB443 /* pipe4.png */,
				BBEC41C91CF814A300CFB443 /* pipe5.png */,
				BBA23D171CFD88BE00F687F8 /* eg1.png */,
				BBA23D181CFD88BE00F687F8 /* eg2.png */,
				BBA23D191CFD88BE00F687F8 /* eg3.png */,
				BBA23D1D1CFD8C8800F687F8 /* clearImg.png */,
				BBEC41CA1CF814A300CFB443 /* pipe6.png */,
				BBEC41CB1CF814A300CFB443 /* shape1.png */,
				BBEC41CC1CF814A300CFB443 /* shape2.png */,
				BBEC41CD1CF814A300CFB443 /* shape3.png */,
				BBEC41CE1CF814A300CFB443 /* shape4.png */,
				BBEC41CF1CF814A300CFB443 /* shape5.png */,
				BBC49A531CF1F2120075BE71 /* AppDelegate.swift */,
				BBC49A551CF1F2120075BE71 /* SettingsViewController.swift */,
				BBC49A571CF1F2120075BE71 /* Main.storyboard */,
				BB23ABD71CF68A30002CC4E0 /* StatisticsViewController.swift */,
				BB23ABD51CF689C5002CC4E0 /* MainViewController.swift */,
				BBA95E181CFAECE600D3A21F /* UIImage.swift */,
				BBC49A5D1CF1F2120075BE71 /* Assets.xcassets */,
				BBC49A5F1CF1F2120075BE71 /* LaunchScreen.storyboard */,
				BBC49A621CF1F2120075BE71 /* Info.plist */,
				BBC49A5A1CF1F2120075BE71 /* MyFirstBlockPuzzle.xcdatamodeld */,
				BBA95E1A1CFB01A300D3A21F /* Puzzle+CoreDataProperties.swift */,
				BBA95E1B1CFB01A300D3A21F /* Puzzle.swift */,
			);
			path = MyFirstBlockPuzzle;
			sourceTree = "<group>";
		};
		BBC49A6A1CF1F2120075BE71 /* MyFirstBlockPuzzleTests */ = {
			isa = PBXGroup;
			children = (
				BBC49A6B1CF1F2120075BE71 /* MyFirstBlockPuzzleTests.swift */,
				BBC49A6D1CF1F2120075BE71 /* Info.plist */,
			);
			path = MyFirstBlockPuzzleTests;
			sourceTree = "<group>";
		};
		BBC49A751CF1F2120075BE71 /* MyFirstBlockPuzzleUITests */ = {
			isa = PBXGroup;
			children = (
				BBC49A761CF1F2120075BE71 /* MyFirstBlockPuzzleUITests.swift */,
				BBC49A781CF1F2120075BE71 /* Info.plist */,
			);
			path = MyFirstBlockPuzzleUITests;
			sourceTree = "<group>";
		};
/* End PBXGroup section */

/* Begin PBXNativeTarget section */
		BBC49A4F1CF1F2120075BE71 /* MyFirstBlockPuzzle */ = {
			isa = PBXNativeTarget;
			buildConfigurationList = BBC49A7B1CF1F2120075BE71 /* Build configuration list for PBXNativeTarget "MyFirstBlockPuzzle" */;
			buildPhases = (
				BBC49A4C1CF1F2120075BE71 /* Sources */,
				BBC49A4D1CF1F2120075BE71 /* Frameworks */,
				BBC49A4E1CF1F2120075BE71 /* Resources */,
			);
			buildRules = (
			);
			dependencies = (
			);
			name = MyFirstBlockPuzzle;
			productName = MyFirstBlockPuzzle;
			productReference = BBC49A501CF1F2120075BE71 /* MyFirstBlockPuzzle.app */;
			productType = "com.apple.product-type.application";
		};
		BBC49A661CF1F2120075BE71 /* MyFirstBlockPuzzleTests */ = {
			isa = PBXNativeTarget;
			buildConfigurationList = BBC49A7E1CF1F2120075BE71 /* Build configuration list for PBXNativeTarget "MyFirstBlockPuzzleTests" */;
			buildPhases = (
				BBC49A631CF1F2120075BE71 /* Sources */,
				BBC49A641CF1F2120075BE71 /* Frameworks */,
				BBC49A651CF1F2120075BE71 /* Resources */,
			);
			buildRules = (
			);
			dependencies = (
				BBC49A691CF1F2120075BE71 /* PBXTargetDependency */,
			);
			name = MyFirstBlockPuzzleTests;
			productName = MyFirstBlockPuzzleTests;
			productReference = BBC49A671CF1F2120075BE71 /* MyFirstBlockPuzzleTests.xctest */;
			productType = "com.apple.product-type.bundle.unit-test";
		};
		BBC49A711CF1F2120075BE71 /* MyFirstBlockPuzzleUITests */ = {
			isa = PBXNativeTarget;
			buildConfigurationList = BBC49A811CF1F2120075BE71 /* Build configuration list for PBXNativeTarget "MyFirstBlockPuzzleUITests" */;
			buildPhases = (
				BBC49A6E1CF1F2120075BE71 /* Sources */,
				BBC49A6F1CF1F2120075BE71 /* Frameworks */,
				BBC49A701CF1F2120075BE71 /* Resources */,
			);
			buildRules = (
			);
			dependencies = (
				BBC49A741CF1F2120075BE71 /* PBXTargetDependency */,
			);
			name = MyFirstBlockPuzzleUITests;
			productName = MyFirstBlockPuzzleUITests;
			productReference = BBC49A721CF1F2120075BE71 /* MyFirstBlockPuzzleUITests.xctest */;
			productType = "com.apple.product-type.bundle.ui-testing";
		};
/* End PBXNativeTarget section */

/* Begin PBXProject section */
		BBC49A481CF1F2120075BE71 /* Project object */ = {
			isa = PBXProject;
			attributes = {
				LastSwiftUpdateCheck = 0730;
				LastUpgradeCheck = 0730;
				ORGANIZATIONNAME = "Jake Dixon";
				TargetAttributes = {
					BBC49A4F1CF1F2120075BE71 = {
						CreatedOnToolsVersion = 7.3.1;
					};
					BBC49A661CF1F2120075BE71 = {
						CreatedOnToolsVersion = 7.3.1;
						TestTargetID = BBC49A4F1CF1F2120075BE71;
					};
					BBC49A711CF1F2120075BE71 = {
						CreatedOnToolsVersion = 7.3.1;
						TestTargetID = BBC49A4F1CF1F2120075BE71;
					};
				};
			};
			buildConfigurationList = BBC49A4B1CF1F2120075BE71 /* Build configuration list for PBXProject "MyFirstBlockPuzzle" */;
			compatibilityVersion = "Xcode 3.2";
			developmentRegion = English;
			hasScannedForEncodings = 0;
			knownRegions = (
				en,
				Base,
			);
			mainGroup = BBC49A471CF1F2120075BE71;
			productRefGroup = BBC49A511CF1F2120075BE71 /* Products */;
			projectDirPath = "";
			projectRoot = "";
			targets = (
				BBC49A4F1CF1F2120075BE71 /* MyFirstBlockPuzzle */,
				BBC49A661CF1F2120075BE71 /* MyFirstBlockPuzzleTests */,
				BBC49A711CF1F2120075BE71 /* MyFirstBlockPuzzleUITests */,
			);
		};
/* End PBXProject section */

/* Begin PBXResourcesBuildPhase section */
		BBC49A4E1CF1F2120075BE71 /* Resources */ = {
			isa = PBXResourcesBuildPhase;
			buildActionMask = 2147483647;
			files = (
				BBC49A611CF1F2120075BE71 /* LaunchScreen.storyboard in Resources */,
				BBEC41D61CF814A300CFB443 /* pipe1.png in Resources */,
				BBC49A5E1CF1F2120075BE71 /* Assets.xcassets in Resources */,
				BBA23D1E1CFD8C8800F687F8 /* clearImg.png in Resources */,
				BBEC41DE1CF814A300CFB443 /* shape3.png in Resources */,
				BBEC41D01CF814A300CFB443 /* patterns1.png in Resources */,
				BBEC41D11CF814A300CFB443 /* patterns2.png in Resources */,
				BBA23D1A1CFD88BE00F687F8 /* eg1.png in Resources */,
				BBEC41D81CF814A300CFB443 /* pipe3.png in Resources */,
				BBEC41D21CF814A300CFB443 /* patterns3.png in Resources */,
				BBEC41DD1CF814A300CFB443 /* shape2.png in Resources */,
				BBEC41DA1CF814A300CFB443 /* pipe5.png in Resources */,
				BBA23D1C1CFD88BE00F687F8 /* eg3.png in Resources */,
				BBEC41D31CF814A300CFB443 /* patterns4.png in Resources */,
				BBEC41D41CF814A300CFB443 /* patterns5.png in Resources */,
				BBEC41D91CF814A300CFB443 /* pipe4.png in Resources */,
				BBA23D1B1CFD88BE00F687F8 /* eg2.png in Resources */,
				BBEC41DB1CF814A300CFB443 /* pipe6.png in Resources */,
				BBEC41DF1CF814A300CFB443 /* shape4.png in Resources */,
				BBEC41E01CF814A300CFB443 /* shape5.png in Resources */,
				BBEC41D71CF814A300CFB443 /* pipe2.png in Resources */,
				BBEC41D51CF814A300CFB443 /* patterns6.png in Resources */,
				BBC49A591CF1F2120075BE71 /* Main.storyboard in Resources */,
				BBEC41DC1CF814A300CFB443 /* shape1.png in Resources */,
			);
			runOnlyForDeploymentPostprocessing = 0;
		};
		BBC49A651CF1F2120075BE71 /* Resources */ = {
			isa = PBXResourcesBuildPhase;
			buildActionMask = 2147483647;
			files = (
			);
			runOnlyForDeploymentPostprocessing = 0;
		};
		BBC49A701CF1F2120075BE71 /* Resources */ = {
			isa = PBXResourcesBuildPhase;
			buildActionMask = 2147483647;
			files = (
			);
			runOnlyForDeploymentPostprocessing = 0;
		};
/* End PBXResourcesBuildPhase section */

/* Begin PBXSourcesBuildPhase section */
		BBC49A4C1CF1F2120075BE71 /* Sources */ = {
			isa = PBXSourcesBuildPhase;
			buildActionMask = 2147483647;
			files = (
				BBC49A5C1CF1F2120075BE71 /* MyFirstBlockPuzzle.xcdatamodeld in Sources */,
				BBA95E1D1CFB01A300D3A21F /* Puzzle.swift in Sources */,
				BB23ABD81CF68A30002CC4E0 /* StatisticsViewController.swift in Sources */,
				BBC49A561CF1F2120075BE71 /* SettingsViewController.swift in Sources */,
				BBA95E191CFAECE600D3A21F /* UIImage.swift in Sources */,
				BBC49A541CF1F2120075BE71 /* AppDelegate.swift in Sources */,
				BBA95E1C1CFB01A300D3A21F /* Puzzle+CoreDataProperties.swift in Sources */,
				BB23ABD61CF689C5002CC4E0 /* MainViewController.swift in Sources */,
			);
			runOnlyForDeploymentPostprocessing = 0;
		};
		BBC49A631CF1F2120075BE71 /* Sources */ = {
			isa = PBXSourcesBuildPhase;
			buildActionMask = 2147483647;
			files = (
				BBC49A6C1CF1F2120075BE71 /* MyFirstBlockPuzzleTests.swift in Sources */,
			);
			runOnlyForDeploymentPostprocessing = 0;
		};
		BBC49A6E1CF1F2120075BE71 /* Sources */ = {
			isa = PBXSourcesBuildPhase;
			buildActionMask = 2147483647;
			files = (
				BBC49A771CF1F2120075BE71 /* MyFirstBlockPuzzleUITests.swift in Sources */,
			);
			runOnlyForDeploymentPostprocessing = 0;
		};
/* End PBXSourcesBuildPhase section */

/* Begin PBXTargetDependency section */
		BBC49A691CF1F2120075BE71 /* PBXTargetDependency */ = {
			isa = PBXTargetDependency;
			target = BBC49A4F1CF1F2120075BE71 /* MyFirstBlockPuzzle */;
			targetProxy = BBC49A681CF1F2120075BE71 /* PBXContainerItemProxy */;
		};
		BBC49A741CF1F2120075BE71 /* PBXTargetDependency */ = {
			isa = PBXTargetDependency;
			target = BBC49A4F1CF1F2120075BE71 /* MyFirstBlockPuzzle */;
			targetProxy = BBC49A731CF1F2120075BE71 /* PBXContainerItemProxy */;
		};
/* End PBXTargetDependency section */

/* Begin PBXVariantGroup section */
		BBC49A571CF1F2120075BE71 /* Main.storyboard */ = {
			isa = PBXVariantGroup;
			children = (
				BBC49A581CF1F2120075BE71 /* Base */,
			);
			name = Main.storyboard;
			sourceTree = "<group>";
		};
		BBC49A5F1CF1F2120075BE71 /* LaunchScreen.storyboard */ = {
			isa = PBXVariantGroup;
			children = (
				BBC49A601CF1F2120075BE71 /* Base */,
			);
			name = LaunchScreen.storyboard;
			sourceTree = "<group>";
		};
/* End PBXVariantGroup section */

/* Begin XCBuildConfiguration section */
		BBC49A791CF1F2120075BE71 /* Debug */ = {
			isa = XCBuildConfiguration;
			buildSettings = {
				ALWAYS_SEARCH_USER_PATHS = NO;
				CLANG_ANALYZER_NONNULL = YES;
				CLANG_CXX_LANGUAGE_STANDARD = "gnu++0x";
				CLANG_CXX_LIBRARY = "libc++";
				CLANG_ENABLE_MODULES = YES;
				CLANG_ENABLE_OBJC_ARC = YES;
				CLANG_WARN_BOOL_CONVERSION = YES;
				CLANG_WARN_CONSTANT_CONVERSION = YES;
				CLANG_WARN_DIRECT_OBJC_ISA_USAGE = YES_ERROR;
				CLANG_WARN_EMPTY_BODY = YES;
				CLANG_WARN_ENUM_CONVERSION = YES;
				CLANG_WARN_INT_CONVERSION = YES;
				CLANG_WARN_OBJC_ROOT_CLASS = YES_ERROR;
				CLANG_WARN_UNREACHABLE_CODE = YES;
				CLANG_WARN__DUPLICATE_METHOD_MATCH = YES;
				"CODE_SIGN_IDENTITY[sdk=iphoneos*]" = "iPhone Developer";
				COPY_PHASE_STRIP = NO;
				DEBUG_INFORMATION_FORMAT = dwarf;
				ENABLE_STRICT_OBJC_MSGSEND = YES;
				ENABLE_TESTABILITY = YES;
				GCC_C_LANGUAGE_STANDARD = gnu99;
				GCC_DYNAMIC_NO_PIC = NO;
				GCC_NO_COMMON_BLOCKS = YES;
				GCC_OPTIMIZATION_LEVEL = 0;
				GCC_PREPROCESSOR_DEFINITIONS = (
					"DEBUG=1",
					"$(inherited)",
				);
				GCC_WARN_64_TO_32_BIT_CONVERSION = YES;
				GCC_WARN_ABOUT_RETURN_TYPE = YES_ERROR;
				GCC_WARN_UNDECLARED_SELECTOR = YES;
				GCC_WARN_UNINITIALIZED_AUTOS = YES_AGGRESSIVE;
				GCC_WARN_UNUSED_FUNCTION = YES;
				GCC_WARN_UNUSED_VARIABLE = YES;
				IPHONEOS_DEPLOYMENT_TARGET = 9.3;
				MTL_ENABLE_DEBUG_INFO = YES;
				ONLY_ACTIVE_ARCH = YES;
				SDKROOT = iphoneos;
				SWIFT_OPTIMIZATION_LEVEL = "-Onone";
			};
			name = Debug;
		};
		BBC49A7A1CF1F2120075BE71 /* Release */ = {
			isa = XCBuildConfiguration;
			buildSettings = {
				ALWAYS_SEARCH_USER_PATHS = NO;
				CLANG_ANALYZER_NONNULL = YES;
				CLANG_CXX_LANGUAGE_STANDARD = "gnu++0x";
				CLANG_CXX_LIBRARY = "libc++";
				CLANG_ENABLE_MODULES = YES;
				CLANG_ENABLE_OBJC_ARC = YES;
				CLANG_WARN_BOOL_CONVERSION = YES;
				CLANG_WARN_CONSTANT_CONVERSION = YES;
				CLANG_WARN_DIRECT_OBJC_ISA_USAGE = YES_ERROR;
				CLANG_WARN_EMPTY_BODY = YES;
				CLANG_WARN_ENUM_CONVERSION = YES;
				CLANG_WARN_INT_CONVERSION = YES;
				CLANG_WARN_OBJC_ROOT_CLASS = YES_ERROR;
				CLANG_WARN_UNREACHABLE_CODE = YES;
				CLANG_WARN__DUPLICATE_METHOD_MATCH = YES;
				"CODE_SIGN_IDENTITY[sdk=iphoneos*]" = "iPhone Developer";
				COPY_PHASE_STRIP = NO;
				DEBUG_INFORMATION_FORMAT = "dwarf-with-dsym";
				ENABLE_NS_ASSERTIONS = NO;
				ENABLE_STRICT_OBJC_MSGSEND = YES;
				GCC_C_LANGUAGE_STANDARD = gnu99;
				GCC_NO_COMMON_BLOCKS = YES;
				GCC_WARN_64_TO_32_BIT_CONVERSION = YES;
				GCC_WARN_ABOUT_RETURN_TYPE = YES_ERROR;
				GCC_WARN_UNDECLARED_SELECTOR = YES;
				GCC_WARN_UNINITIALIZED_AUTOS = YES_AGGRESSIVE;
				GCC_WARN_UNUSED_FUNCTION = YES;
				GCC_WARN_UNUSED_VARIABLE = YES;
				IPHONEOS_DEPLOYMENT_TARGET = 9.3;
				MTL_ENABLE_DEBUG_INFO = NO;
				SDKROOT = iphoneos;
				VALIDATE_PRODUCT = YES;
			};
			name = Release;
		};
		BBC49A7C1CF1F2120075BE71 /* Debug */ = {
			isa = XCBuildConfiguration;
			buildSettings = {
				ASSETCATALOG_COMPILER_APPICON_NAME = AppIcon;
				INFOPLIST_FILE = MyFirstBlockPuzzle/Info.plist;
				LD_RUNPATH_SEARCH_PATHS = "$(inherited) @executable_path/Frameworks";
				PRODUCT_BUNDLE_IDENTIFIER = jcu.edu.au.MyFirstBlockPuzzle;
				PRODUCT_NAME = "$(TARGET_NAME)";
			};
			name = Debug;
		};
		BBC49A7D1CF1F2120075BE71 /* Release */ = {
			isa = XCBuildConfiguration;
			buildSettings = {
				ASSETCATALOG_COMPILER_APPICON_NAME = AppIcon;
				INFOPLIST_FILE = MyFirstBlockPuzzle/Info.plist;
				LD_RUNPATH_SEARCH_PATHS = "$(inherited) @executable_path/Frameworks";
				PRODUCT_BUNDLE_IDENTIFIER = jcu.edu.au.MyFirstBlockPuzzle;
				PRODUCT_NAME = "$(TARGET_NAME)";
			};
			name = Release;
		};
		BBC49A7F1CF1F2120075BE71 /* Debug */ = {
			isa = XCBuildConfiguration;
			buildSettings = {
				BUNDLE_LOADER = "$(TEST_HOST)";
				INFOPLIST_FILE = MyFirstBlockPuzzleTests/Info.plist;
				LD_RUNPATH_SEARCH_PATHS = "$(inherited) @executable_path/Frameworks @loader_path/Frameworks";
				PRODUCT_BUNDLE_IDENTIFIER = jcu.edu.au.MyFirstBlockPuzzleTests;
				PRODUCT_NAME = "$(TARGET_NAME)";
				TEST_HOST = "$(BUILT_PRODUCTS_DIR)/MyFirstBlockPuzzle.app/MyFirstBlockPuzzle";
			};
			name = Debug;
		};
		BBC49A801CF1F2120075BE71 /* Release */ = {
			isa = XCBuildConfiguration;
			buildSettings = {
				BUNDLE_LOADER = "$(TEST_HOST)";
				INFOPLIST_FILE = MyFirstBlockPuzzleTests/Info.plist;
				LD_RUNPATH_SEARCH_PATHS = "$(inherited) @executable_path/Frameworks @loader_path/Frameworks";
				PRODUCT_BUNDLE_IDENTIFIER = jcu.edu.au.MyFirstBlockPuzzleTests;
				PRODUCT_NAME = "$(TARGET_NAME)";
				TEST_HOST = "$(BUILT_PRODUCTS_DIR)/MyFirstBlockPuzzle.app/MyFirstBlockPuzzle";
			};
			name = Release;
		};
		BBC49A821CF1F2120075BE71 /* Debug */ = {
			isa = XCBuildConfiguration;
			buildSettings = {
				INFOPLIST_FILE = MyFirstBlockPuzzleUITests/Info.plist;
				LD_RUNPATH_SEARCH_PATHS = "$(inherited) @executable_path/Frameworks @loader_path/Frameworks";
				PRODUCT_BUNDLE_IDENTIFIER = jcu.edu.au.MyFirstBlockPuzzleUITests;
				PRODUCT_NAME = "$(TARGET_NAME)";
				TEST_TARGET_NAME = MyFirstBlockPuzzle;
			};
			name = Debug;
		};
		BBC49A831CF1F2120075BE71 /* Release */ = {
			isa = XCBuildConfiguration;
			buildSettings = {
				INFOPLIST_FILE = MyFirstBlockPuzzleUITests/Info.plist;
				LD_RUNPATH_SEARCH_PATHS = "$(inherited) @executable_path/Frameworks @loader_path/Frameworks";
				PRODUCT_BUNDLE_IDENTIFIER = jcu.edu.au.MyFirstBlockPuzzleUITests;
				PRODUCT_NAME = "$(TARGET_NAME)";
				TEST_TARGET_NAME = MyFirstBlockPuzzle;
			};
			name = Release;
		};
/* End XCBuildConfiguration section */

/* Begin XCConfigurationList section */
		BBC49A4B1CF1F2120075BE71 /* Build configuration list for PBXProject "MyFirstBlockPuzzle" */ = {
			isa = XCConfigurationList;
			buildConfigurations = (
				BBC49A791CF1F2120075BE71 /* Debug */,
				BBC49A7A1CF1F2120075BE71 /* Release */,
			);
			defaultConfigurationIsVisible = 0;
			defaultConfigurationName = Release;
		};
		BBC49A7B1CF1F2120075BE71 /* Build configuration list for PBXNativeTarget "MyFirstBlockPuzzle" */ = {
			isa = XCConfigurationList;
			buildConfigurations = (
				BBC49A7C1CF1F2120075BE71 /* Debug */,
				BBC49A7D1CF1F2120075BE71 /* Release */,
			);
			defaultConfigurationIsVisible = 0;
			defaultConfigurationName = Release;
		};
		BBC49A7E1CF1F2120075BE71 /* Build configuration list for PBXNativeTarget "MyFirstBlockPuzzleTests" */ = {
			isa = XCConfigurationList;
			buildConfigurations = (
				BBC49A7F1CF1F2120075BE71 /* Debug */,
				BBC49A801CF1F2120075BE71 /* Release */,
			);
			defaultConfigurationIsVisible = 0;
			defaultConfigurationName = Release;
		};
		BBC49A811CF1F2120075BE71 /* Build configuration list for PBXNativeTarget "MyFirstBlockPuzzleUITests" */ = {
			isa = XCConfigurationList;
			buildConfigurations = (
				BBC49A821CF1F2120075BE71 /* Debug */,
				BBC49A831CF1F2120075BE71 /* Release */,
			);
			defaultConfigurationIsVisible = 0;
			defaultConfigurationName = Release;
		};
/* End XCConfigurationList section */

/* Begin XCVersionGroup section */
		BBC49A5A1CF1F2120075BE71 /* MyFirstBlockPuzzle.xcdatamodeld */ = {
			isa = XCVersionGroup;
			children = (
				BBC49A5B1CF1F2120075BE71 /* MyFirstBlockPuzzle.xcdatamodel */,
			);
			currentVersion = BBC49A5B1CF1F2120075BE71 /* MyFirstBlockPuzzle.xcdatamodel */;
			path = MyFirstBlockPuzzle.xcdatamodeld;
			sourceTree = "<group>";
			versionGroupType = wrapper.xcdatamodel;
		};
/* End XCVersionGroup section */
	};
	rootObject = BBC49A481CF1F2120075BE71 /* Project object */;
}
